
Microsoft Visual Studio Solution File, Format Version 12.00
# Visual Studio Version 16
VisualStudioVersion = 16.0.810.11
MinimumVisualStudioVersion = 10.0.40219.1
Project("{FAE04EC0-301F-11D3-BF4B-00C04F79EFBC}") = "WeatherApi", "WeatherApi\WeatherApi.csproj", "{3B981C8B-B24F-4663-B0B1-42CD63B14F12}"
EndProject
Project("{FAE04EC0-301F-11D3-BF4B-00C04F79EFBC}") = "Test", "Test\Test.csproj", "{889F3292-CC9A-4935-88CE-E5B022E91DC8}"
EndProject
Global
	GlobalSection(SolutionConfigurationPlatforms) = preSolution
		Debug|Any CPU = Debug|Any CPU
		Release|Any CPU = Release|Any CPU
	EndGlobalSection
	GlobalSection(ProjectConfigurationPlatforms) = postSolution
		{3B981C8B-B24F-4663-B0B1-42CD63B14F12}.Debug|Any CPU.ActiveCfg = Debug|Any CPU
		{3B981C8B-B24F-4663-B0B1-42CD63B14F12}.Debug|Any CPU.Build.0 = Debug|Any CPU
		{3B981C8B-B24F-4663-B0B1-42CD63B14F12}.Release|Any CPU.ActiveCfg = Release|Any CPU
		{3B981C8B-B24F-4663-B0B1-42CD63B14F12}.Release|Any CPU.Build.0 = Release|Any CPU
		{889F3292-CC9A-4935-88CE-E5B022E91DC8}.Debug|Any CPU.ActiveCfg = Debug|Any CPU
		{889F3292-CC9A-4935-88CE-E5B022E91DC8}.Debug|Any CPU.Build.0 = Debug|Any CPU
		{889F3292-CC9A-4935-88CE-E5B022E91DC8}.Release|Any CPU.ActiveCfg = Release|Any CPU
		{889F3292-CC9A-4935-88CE-E5B022E91DC8}.Release|Any CPU.Build.0 = Release|Any CPU
	EndGlobalSection
	GlobalSection(SolutionProperties) = preSolution
		HideSolutionNode = FALSE
	EndGlobalSection
	GlobalSection(ExtensibilityGlobals) = postSolution
		SolutionGuid = {0D0B18FB-9075-4426-A4FC-F9DC9DD4A0D1}
	EndGlobalSection
EndGlobal
